
Microsoft Visual Studio Solution File, Format Version 12.00
# Visual Studio Version 17
VisualStudioVersion = 17.1.32228.430
MinimumVisualStudioVersion = 10.0.40219.1
Project("{FAE04EC0-301F-11D3-BF4B-00C04F79EFBC}") = "ConsoleApp1", "ConsoleApp1\ConsoleApp1.csproj", "{BC652443-2800-48D7-8248-1549857E87DD}"
EndProject
Global
	GlobalSection(SolutionConfigurationPlatforms) = preSolution
		Debug|Any CPU = Debug|Any CPU
		Release|Any CPU = Release|Any CPU
	EndGlobalSection
	GlobalSection(ProjectConfigurationPlatforms) = postSolution
		{BC652443-2800-48D7-8248-1549857E87DD}.Debug|Any CPU.ActiveCfg = Debug|Any CPU
		{BC652443-2800-48D7-8248-1549857E87DD}.Debug|Any CPU.Build.0 = Debug|Any CPU
		{BC652443-2800-48D7-8248-1549857E87DD}.Release|Any CPU.ActiveCfg = Release|Any CPU
		{BC652443-2800-48D7-8248-1549857E87DD}.Release|Any CPU.Build.0 = Release|Any CPU
	EndGlobalSection
	GlobalSection(SolutionProperties) = preSolution
		HideSolutionNode = FALSE
	EndGlobalSection
	GlobalSection(ExtensibilityGlobals) = postSolution
		SolutionGuid = {0C4B91D0-6F32-4137-A432-5B08896BD5E2}
	EndGlobalSection
EndGlobal
